
Microsoft Visual Studio Solution File, Format Version 12.00
# Visual Studio Version 17
VisualStudioVersion = 17.13.35825.156 d17.13
MinimumVisualStudioVersion = 10.0.40219.1
Project("{FAE04EC0-301F-11D3-BF4B-00C04F79EFBC}") = "MailSenderAPI", "MailSenderAPI\MailSenderAPI.csproj", "{4DE153F4-01AC-4723-8263-B7B0534E80A8}"
EndProject
Global
	GlobalSection(SolutionConfigurationPlatforms) = preSolution
		Debug|Any CPU = Debug|Any CPU
		Release|Any CPU = Release|Any CPU
	EndGlobalSection
	GlobalSection(ProjectConfigurationPlatforms) = postSolution
		{4DE153F4-01AC-4723-8263-B7B0534E80A8}.Debug|Any CPU.ActiveCfg = Debug|Any CPU
		{4DE153F4-01AC-4723-8263-B7B0534E80A8}.Debug|Any CPU.Build.0 = Debug|Any CPU
		{4DE153F4-01AC-4723-8263-B7B0534E80A8}.Release|Any CPU.ActiveCfg = Release|Any CPU
		{4DE153F4-01AC-4723-8263-B7B0534E80A8}.Release|Any CPU.Build.0 = Release|Any CPU
	EndGlobalSection
	GlobalSection(SolutionProperties) = preSolution
		HideSolutionNode = FALSE
	EndGlobalSection
	GlobalSection(ExtensibilityGlobals) = postSolution
		SolutionGuid = {D527FD42-138A-4A2C-B7DC-CF1B5EABAE54}
	EndGlobalSection
EndGlobal
